
Microsoft Visual Studio Solution File, Format Version 12.00
# Visual Studio Version 17
VisualStudioVersion = 17.11.35219.272
MinimumVisualStudioVersion = 10.0.40219.1
Project("{FAE04EC0-301F-11D3-BF4B-00C04F79EFBC}") = "WpfApp2", "WpfApp2\WpfApp2.csproj", "{30F93E7B-8AF5-454C-963A-C14C47737AAB}"
EndProject
Global
	GlobalSection(SolutionConfigurationPlatforms) = preSolution
		Debug|Any CPU = Debug|Any CPU
		Release|Any CPU = Release|Any CPU
	EndGlobalSection
	GlobalSection(ProjectConfigurationPlatforms) = postSolution
		{30F93E7B-8AF5-454C-963A-C14C47737AAB}.Debug|Any CPU.ActiveCfg = Debug|Any CPU
		{30F93E7B-8AF5-454C-963A-C14C47737AAB}.Debug|Any CPU.Build.0 = Debug|Any CPU
		{30F93E7B-8AF5-454C-963A-C14C47737AAB}.Release|Any CPU.ActiveCfg = Release|Any CPU
		{30F93E7B-8AF5-454C-963A-C14C47737AAB}.Release|Any CPU.Build.0 = Release|Any CPU
	EndGlobalSection
	GlobalSection(SolutionProperties) = preSolution
		HideSolutionNode = FALSE
	EndGlobalSection
	GlobalSection(ExtensibilityGlobals) = postSolution
		SolutionGuid = {A940354C-A5D4-46A1-B2FD-B645C8692737}
	EndGlobalSection
EndGlobal
